
Microsoft Visual Studio Solution File, Format Version 12.00
# Visual Studio Version 17
VisualStudioVersion = 17.4.33213.308
MinimumVisualStudioVersion = 10.0.40219.1
Project("{9A19103F-16F7-4668-BE54-9A1E7A4F7556}") = "CompanyEmployees", "CompanyEmployees\CompanyEmployees.csproj", "{23083FBE-CAFD-4CEE-81F1-3C9F9E44BD5F}"
EndProject
Project("{9A19103F-16F7-4668-BE54-9A1E7A4F7556}") = "CompanyEmployees.Contracts", "CompanyEmployees.Contracts\CompanyEmployees.Contracts.csproj", "{A4080D12-6BB9-4AD3-AF7A-62448A609362}"
EndProject
Project("{9A19103F-16F7-4668-BE54-9A1E7A4F7556}") = "CompanyEmployees.LoggerService", "CompanyEmployees.LoggerService\CompanyEmployees.LoggerService.csproj", "{6E7A49E8-BB7C-498F-A594-78E914772394}"
EndProject
Project("{9A19103F-16F7-4668-BE54-9A1E7A4F7556}") = "CompanyEmployees.Entities", "CompanyEmployees.Entities\CompanyEmployees.Entities.csproj", "{04806EE8-51A8-431D-A4F7-DD581A0EC086}"
EndProject
Project("{9A19103F-16F7-4668-BE54-9A1E7A4F7556}") = "CompanyEmployees.Repository", "CompanyEmployees.Repository\CompanyEmployees.Repository.csproj", "{DB76C3D7-6F3D-4160-A115-085C8ED91420}"
EndProject
Project("{9A19103F-16F7-4668-BE54-9A1E7A4F7556}") = "CompanyEmployees.Service.Contracts", "CompanyEmployees.Service.Contracts\CompanyEmployees.Service.Contracts.csproj", "{DFB71BC0-2F7F-4DE2-A15E-2240CD92E4FF}"
EndProject
Project("{9A19103F-16F7-4668-BE54-9A1E7A4F7556}") = "CompanyEmployees.Service", "CompanyEmployees.Service\CompanyEmployees.Service.csproj", "{ACF6E085-1270-4E2B-B59F-1CC027E746FC}"
EndProject
Project("{9A19103F-16F7-4668-BE54-9A1E7A4F7556}") = "CompanyEmployees.Presentation", "CompanyEmployees.Presentation\CompanyEmployees.Presentation.csproj", "{1EDE7421-CD40-4F5A-9699-0321CB040FAB}"
EndProject
Project("{FAE04EC0-301F-11D3-BF4B-00C04F79EFBC}") = "CompanyEmployees.Shared", "CompanyEmployees.Shared\CompanyEmployees.Shared.csproj", "{10A8B2D6-B55E-4520-BDC7-DD2A35589F22}"
EndProject
Global
	GlobalSection(SolutionConfigurationPlatforms) = preSolution
		Debug|Any CPU = Debug|Any CPU
		Release|Any CPU = Release|Any CPU
	EndGlobalSection
	GlobalSection(ProjectConfigurationPlatforms) = postSolution
		{23083FBE-CAFD-4CEE-81F1-3C9F9E44BD5F}.Debug|Any CPU.ActiveCfg = Debug|Any CPU
		{23083FBE-CAFD-4CEE-81F1-3C9F9E44BD5F}.Debug|Any CPU.Build.0 = Debug|Any CPU
		{23083FBE-CAFD-4CEE-81F1-3C9F9E44BD5F}.Release|Any CPU.ActiveCfg = Release|Any CPU
		{23083FBE-CAFD-4CEE-81F1-3C9F9E44BD5F}.Release|Any CPU.Build.0 = Release|Any CPU
		{A4080D12-6BB9-4AD3-AF7A-62448A609362}.Debug|Any CPU.ActiveCfg = Debug|Any CPU
		{A4080D12-6BB9-4AD3-AF7A-62448A609362}.Debug|Any CPU.Build.0 = Debug|Any CPU
		{A4080D12-6BB9-4AD3-AF7A-62448A609362}.Release|Any CPU.ActiveCfg = Release|Any CPU
		{A4080D12-6BB9-4AD3-AF7A-62448A609362}.Release|Any CPU.Build.0 = Release|Any CPU
		{6E7A49E8-BB7C-498F-A594-78E914772394}.Debug|Any CPU.ActiveCfg = Debug|Any CPU
		{6E7A49E8-BB7C-498F-A594-78E914772394}.Debug|Any CPU.Build.0 = Debug|Any CPU
		{6E7A49E8-BB7C-498F-A594-78E914772394}.Release|Any CPU.ActiveCfg = Release|Any CPU
		{6E7A49E8-BB7C-498F-A594-78E914772394}.Release|Any CPU.Build.0 = Release|Any CPU
		{04806EE8-51A8-431D-A4F7-DD581A0EC086}.Debug|Any CPU.ActiveCfg = Debug|Any CPU
		{04806EE8-51A8-431D-A4F7-DD581A0EC086}.Debug|Any CPU.Build.0 = Debug|Any CPU
		{04806EE8-51A8-431D-A4F7-DD581A0EC086}.Release|Any CPU.ActiveCfg = Release|Any CPU
		{04806EE8-51A8-431D-A4F7-DD581A0EC086}.Release|Any CPU.Build.0 = Release|Any CPU
		{DB76C3D7-6F3D-4160-A115-085C8ED91420}.Debug|Any CPU.ActiveCfg = Debug|Any CPU
		{DB76C3D7-6F3D-4160-A115-085C8ED91420}.Debug|Any CPU.Build.0 = Debug|Any CPU
		{DB76C3D7-6F3D-4160-A115-085C8ED91420}.Release|Any CPU.ActiveCfg = Release|Any CPU
		{DB76C3D7-6F3D-4160-A115-085C8ED91420}.Release|Any CPU.Build.0 = Release|Any CPU
		{DFB71BC0-2F7F-4DE2-A15E-2240CD92E4FF}.Debug|Any CPU.ActiveCfg = Debug|Any CPU
		{DFB71BC0-2F7F-4DE2-A15E-2240CD92E4FF}.Debug|Any CPU.Build.0 = Debug|Any CPU
		{DFB71BC0-2F7F-4DE2-A15E-2240CD92E4FF}.Release|Any CPU.ActiveCfg = Release|Any CPU
		{DFB71BC0-2F7F-4DE2-A15E-2240CD92E4FF}.Release|Any CPU.Build.0 = Release|Any CPU
		{ACF6E085-1270-4E2B-B59F-1CC027E746FC}.Debug|Any CPU.ActiveCfg = Debug|Any CPU
		{ACF6E085-1270-4E2B-B59F-1CC027E746FC}.Debug|Any CPU.Build.0 = Debug|Any CPU
		{ACF6E085-1270-4E2B-B59F-1CC027E746FC}.Release|Any CPU.ActiveCfg = Release|Any CPU
		{ACF6E085-1270-4E2B-B59F-1CC027E746FC}.Release|Any CPU.Build.0 = Release|Any CPU
		{1EDE7421-CD40-4F5A-9699-0321CB040FAB}.Debug|Any CPU.ActiveCfg = Debug|Any CPU
		{1EDE7421-CD40-4F5A-9699-0321CB040FAB}.Debug|Any CPU.Build.0 = Debug|Any CPU
		{1EDE7421-CD40-4F5A-9699-0321CB040FAB}.Release|Any CPU.ActiveCfg = Release|Any CPU
		{1EDE7421-CD40-4F5A-9699-0321CB040FAB}.Release|Any CPU.Build.0 = Release|Any CPU
		{10A8B2D6-B55E-4520-BDC7-DD2A35589F22}.Debug|Any CPU.ActiveCfg = Debug|Any CPU
		{10A8B2D6-B55E-4520-BDC7-DD2A35589F22}.Debug|Any CPU.Build.0 = Debug|Any CPU
		{10A8B2D6-B55E-4520-BDC7-DD2A35589F22}.Release|Any CPU.ActiveCfg = Release|Any CPU
		{10A8B2D6-B55E-4520-BDC7-DD2A35589F22}.Release|Any CPU.Build.0 = Release|Any CPU
	EndGlobalSection
	GlobalSection(SolutionProperties) = preSolution
		HideSolutionNode = FALSE
	EndGlobalSection
	GlobalSection(ExtensibilityGlobals) = postSolution
		SolutionGuid = {9E850D22-4482-4619-8FED-B87E2B4B641C}
	EndGlobalSection
EndGlobal
